# @generated - this file is auto-generated by `mise lock` https://mise.en.dev/dev-tools/mise-lock.html

[[tools."cargo:wasm-bindgen-cli"]]
version = "0.2.126"
backend = "cargo:wasm-bindgen-cli"

[[tools.rust]]
version = "1.97.1"
backend = "core:rust"

[tools.rust.options]
components = "clippy,rust-src,rustfmt"
profile = "default"
targets = "wasm32-unknown-unknown"

[[tools."ubi:WebAssembly/binaryen"]]
version = "version_131"
backend = "ubi:WebAssembly/binaryen"

[tools."ubi:WebAssembly/binaryen"."platforms.linux-x64-binaryen-unittests"]
checksum = "blake3:57299b7dbd20fe49fc5024404edca6395720ce213f0b57f7644dc1b4566b0a05"

[tools."ubi:WebAssembly/binaryen"."platforms.macos-arm64-binaryen-unittests"]
checksum = "blake3:787b1424756b83b77c9d6f4211131596e6de05b9095d45217b2e78a39e9f83a5"

[[tools."ubi:itchio/butler"]]
version = "15.29.0"
backend = "ubi:itchio/butler"

[tools."ubi:itchio/butler"."platforms.linux-x64-butler"]
checksum = "blake3:1209cb71158eebb8800ebbcc9dd6580fe1126b8fe7b00e62e2e606a343f78b18"

[tools."ubi:itchio/butler"."platforms.macos-arm64-butler"]
checksum = "blake3:61cd962a2f82041e8c7511e72f6a8fa0d7b1b34193730704653fa459bbe1674b"
